
Microsoft Visual Studio Solution File, Format Version 12.00
# Visual Studio Version 16
VisualStudioVersion = 16.0.31624.102
MinimumVisualStudioVersion = 10.0.40219.1
Project("{FAE04EC0-301F-11D3-BF4B-00C04F79EFBC}") = "car_1_1_visual", "car_1_1_visual\car_1_1_visual.csproj", "{1DF1353F-E332-46A6-A4BE-9130A4B8C36F}"
EndProject
Global
	GlobalSection(SolutionConfigurationPlatforms) = preSolution
		Debug|Any CPU = Debug|Any CPU
		Release|Any CPU = Release|Any CPU
	EndGlobalSection
	GlobalSection(ProjectConfigurationPlatforms) = postSolution
		{1DF1353F-E332-46A6-A4BE-9130A4B8C36F}.Debug|Any CPU.ActiveCfg = Debug|Any CPU
		{1DF1353F-E332-46A6-A4BE-9130A4B8C36F}.Debug|Any CPU.Build.0 = Debug|Any CPU
		{1DF1353F-E332-46A6-A4BE-9130A4B8C36F}.Release|Any CPU.ActiveCfg = Release|Any CPU
		{1DF1353F-E332-46A6-A4BE-9130A4B8C36F}.Release|Any CPU.Build.0 = Release|Any CPU
	EndGlobalSection
	GlobalSection(SolutionProperties) = preSolution
		HideSolutionNode = FALSE
	EndGlobalSection
	GlobalSection(ExtensibilityGlobals) = postSolution
		SolutionGuid = {E36D7331-FF2F-485D-B838-54F02E906D63}
	EndGlobalSection
EndGlobal
